
Microsoft Visual Studio Solution File, Format Version 12.00
# Visual Studio Version 17
VisualStudioVersion = 17.0.32014.148
MinimumVisualStudioVersion = 10.0.40219.1
Project("{9A19103F-16F7-4668-BE54-9A1E7A4F7556}") = "Proyecto Domino", "Proyecto Domino.csproj", "{BE110BE4-E09C-467C-86A6-7FE2B3C86E56}"
EndProject
Project("{9A19103F-16F7-4668-BE54-9A1E7A4F7556}") = "InterfazGrafica", "..\InterfazGrafica\InterfazGrafica.csproj", "{6BD10D3E-190A-4B80-B20F-BD51544F89EA}"
EndProject
Project("{FAE04EC0-301F-11D3-BF4B-00C04F79EFBC}") = "Interfaces", "..\Interfaces\Interfaces.csproj", "{998F605C-8289-4E78-8E8D-5391A1D2C6F8}"
EndProject
Global
	GlobalSection(SolutionConfigurationPlatforms) = preSolution
		Debug|Any CPU = Debug|Any CPU
		Release|Any CPU = Release|Any CPU
	EndGlobalSection
	GlobalSection(ProjectConfigurationPlatforms) = postSolution
		{BE110BE4-E09C-467C-86A6-7FE2B3C86E56}.Debug|Any CPU.ActiveCfg = Debug|Any CPU
		{BE110BE4-E09C-467C-86A6-7FE2B3C86E56}.Debug|Any CPU.Build.0 = Debug|Any CPU
		{BE110BE4-E09C-467C-86A6-7FE2B3C86E56}.Release|Any CPU.ActiveCfg = Release|Any CPU
		{BE110BE4-E09C-467C-86A6-7FE2B3C86E56}.Release|Any CPU.Build.0 = Release|Any CPU
		{6BD10D3E-190A-4B80-B20F-BD51544F89EA}.Debug|Any CPU.ActiveCfg = Debug|Any CPU
		{6BD10D3E-190A-4B80-B20F-BD51544F89EA}.Debug|Any CPU.Build.0 = Debug|Any CPU
		{6BD10D3E-190A-4B80-B20F-BD51544F89EA}.Release|Any CPU.ActiveCfg = Release|Any CPU
		{6BD10D3E-190A-4B80-B20F-BD51544F89EA}.Release|Any CPU.Build.0 = Release|Any CPU
		{998F605C-8289-4E78-8E8D-5391A1D2C6F8}.Debug|Any CPU.ActiveCfg = Debug|Any CPU
		{998F605C-8289-4E78-8E8D-5391A1D2C6F8}.Debug|Any CPU.Build.0 = Debug|Any CPU
		{998F605C-8289-4E78-8E8D-5391A1D2C6F8}.Release|Any CPU.ActiveCfg = Release|Any CPU
		{998F605C-8289-4E78-8E8D-5391A1D2C6F8}.Release|Any CPU.Build.0 = Release|Any CPU
	EndGlobalSection
	GlobalSection(SolutionProperties) = preSolution
		HideSolutionNode = FALSE
	EndGlobalSection
	GlobalSection(ExtensibilityGlobals) = postSolution
		SolutionGuid = {4F675EA6-CBAD-434A-8EBD-EE4A93B73A75}
	EndGlobalSection
EndGlobal
